
Microsoft Visual Studio Solution File, Format Version 12.00
# Visual Studio 2013
VisualStudioVersion = 12.0.30723.0
MinimumVisualStudioVersion = 10.0.40219.1
Project("{FAE04EC0-301F-11D3-BF4B-00C04F79EFBC}") = "CMCrepairs", "CMCrepairs.csproj", "{D03D38F7-6412-46A0-AAC5-184594C73091}"
EndProject
Project("{54435603-DBB4-11D2-8724-00A0C9A8B90C}") = "CMCRepairs.Win.Setup", "CMCRepairs.Win.Setup\CMCRepairs.Win.Setup.vdproj", "{147CEDCE-3BA6-4E94-A48A-44AA74CE2A1F}"
EndProject
Global
	GlobalSection(SolutionConfigurationPlatforms) = preSolution
		Debug|x86 = Debug|x86
		Release|x86 = Release|x86
	EndGlobalSection
	GlobalSection(ProjectConfigurationPlatforms) = postSolution
		{D03D38F7-6412-46A0-AAC5-184594C73091}.Debug|x86.ActiveCfg = Debug|x86
		{D03D38F7-6412-46A0-AAC5-184594C73091}.Debug|x86.Build.0 = Debug|x86
		{D03D38F7-6412-46A0-AAC5-184594C73091}.Release|x86.ActiveCfg = Release|x86
		{D03D38F7-6412-46A0-AAC5-184594C73091}.Release|x86.Build.0 = Release|x86
		{147CEDCE-3BA6-4E94-A48A-44AA74CE2A1F}.Debug|x86.ActiveCfg = Debug
		{147CEDCE-3BA6-4E94-A48A-44AA74CE2A1F}.Release|x86.ActiveCfg = Release
	EndGlobalSection
	GlobalSection(SolutionProperties) = preSolution
		HideSolutionNode = FALSE
	EndGlobalSection
EndGlobal
